
Microsoft Visual Studio Solution File, Format Version 12.00
# Visual Studio Version 17
VisualStudioVersion = 17.11.35303.130
MinimumVisualStudioVersion = 10.0.40219.1
Project("{8BC9CEB8-8B4A-11D0-8D11-00A0C91BC942}") = "UnitTestCalculator", "UnitTestCalculator.vcxproj", "{E28ABDA1-43A5-41C9-826B-6F26DA05E2EC}"
EndProject
Project("{8BC9CEB8-8B4A-11D0-8D11-00A0C91BC942}") = "calculadora", "..\..\calculadora\calculadora\calculadora.vcxproj", "{2BF71586-0F5F-48C6-AC66-6D66FA6C80F6}"
EndProject
Global
	GlobalSection(SolutionConfigurationPlatforms) = preSolution
		Debug|x64 = Debug|x64
		Debug|x86 = Debug|x86
		Release|x64 = Release|x64
		Release|x86 = Release|x86
	EndGlobalSection
	GlobalSection(ProjectConfigurationPlatforms) = postSolution
		{E28ABDA1-43A5-41C9-826B-6F26DA05E2EC}.Debug|x64.ActiveCfg = Debug|x64
		{E28ABDA1-43A5-41C9-826B-6F26DA05E2EC}.Debug|x64.Build.0 = Debug|x64
		{E28ABDA1-43A5-41C9-826B-6F26DA05E2EC}.Debug|x86.ActiveCfg = Debug|Win32
		{E28ABDA1-43A5-41C9-826B-6F26DA05E2EC}.Debug|x86.Build.0 = Debug|Win32
		{E28ABDA1-43A5-41C9-826B-6F26DA05E2EC}.Release|x64.ActiveCfg = Release|x64
		{E28ABDA1-43A5-41C9-826B-6F26DA05E2EC}.Release|x64.Build.0 = Release|x64
		{E28ABDA1-43A5-41C9-826B-6F26DA05E2EC}.Release|x86.ActiveCfg = Release|Win32
		{E28ABDA1-43A5-41C9-826B-6F26DA05E2EC}.Release|x86.Build.0 = Release|Win32
		{2BF71586-0F5F-48C6-AC66-6D66FA6C80F6}.Debug|x64.ActiveCfg = Debug|x64
		{2BF71586-0F5F-48C6-AC66-6D66FA6C80F6}.Debug|x64.Build.0 = Debug|x64
		{2BF71586-0F5F-48C6-AC66-6D66FA6C80F6}.Debug|x86.ActiveCfg = Debug|Win32
		{2BF71586-0F5F-48C6-AC66-6D66FA6C80F6}.Debug|x86.Build.0 = Debug|Win32
		{2BF71586-0F5F-48C6-AC66-6D66FA6C80F6}.Release|x64.ActiveCfg = Release|x64
		{2BF71586-0F5F-48C6-AC66-6D66FA6C80F6}.Release|x64.Build.0 = Release|x64
		{2BF71586-0F5F-48C6-AC66-6D66FA6C80F6}.Release|x86.ActiveCfg = Release|Win32
		{2BF71586-0F5F-48C6-AC66-6D66FA6C80F6}.Release|x86.Build.0 = Release|Win32
	EndGlobalSection
	GlobalSection(SolutionProperties) = preSolution
		HideSolutionNode = FALSE
	EndGlobalSection
	GlobalSection(ExtensibilityGlobals) = postSolution
		SolutionGuid = {DA2CD8C2-6F0C-47FF-808B-93DF328CD4FE}
	EndGlobalSection
EndGlobal
